lockfileVersion: '9.0'

settings:
  autoInstallPeers: true
  excludeLinksFromLockfile: false

importers:

  .:
    devDependencies:
      turbo:
        specifier: ^2.5.4
        version: 2.9.18
      typescript:
        specifier: ^5.7.3
        version: 5.9.3

  apps/mobile:
    dependencies:
      '@hookform/resolvers':
        specifier: ^5.0.1
        version: 5.4.0(react-hook-form@7.79.0(react@18.3.1))
      '@react-native-async-storage/async-storage':
        specifier: 1.23.1
        version: 1.23.1(react-native@0.77.2(@babel/core@7.29.7)(@babel/preset-env@7.29.7(@babel/core@7.29.7))(@types/react@18.3.31)(react@18.3.1))
      '@rounds/types':
        specifier: workspace:*
        version: link:../../packages/types
      '@rounds/utils':
        specifier: workspace:*
        version: link:../../packages/utils
      '@supabase/supabase-js':
        specifier: ^2.49.1
        version: 2.108.2
      '@tanstack/react-query':
        specifier: ^5.75.7
        version: 5.101.0(react@18.3.1)
      date-fns:
        specifier: ^4.1.0
        version: 4.4.0
      expo:
        specifier: ~54.0.0
        version: 54.0.35(@babel/core@7.29.7)(@expo/metro-runtime@5.0.4(react-native@0.77.2(@babel/core@7.29.7)(@babel/preset-env@7.29.7(@babel/core@7.29.7))(@types/react@18.3.31)(react@18.3.1)))(expo-router@5.0.7)(react-native@0.77.2(@babel/core@7.29.7)(@babel/preset-env@7.29.7(@babel/core@7.29.7))(@types/react@18.3.31)(react@18.3.1))(react@18.3.1)(typescript@5.9.3)
      expo-blur:
